// !$*UTF8*$!
{
	archiveVersion = 1;
	classes = {
	};
	objectVersion = 55;
	objects = {

/* Begin PBXBuildFile section */
		1C60D4AFA454891CB05CB2EB /* Pods_Dummy_SwiftLibs.framework in Frameworks */ = {isa = PBXBuildFile; fileRef = 77DE30A7F27190A4CD40E4FC /* Pods_Dummy_SwiftLibs.framework */; };
		D54D311BE9669F15452C1E3F /* Pods_Dummy_ObjectiveLibs.framework in Frameworks */ = {isa = PBXBuildFile; fileRef = BD7C57936E813EF7106EF2B2 /* Pods_Dummy_ObjectiveLibs.framework */; };
		DBE3779A8921B035895D1F55 /* Pods_Dummy.framework in Frameworks */ = {isa = PBXBuildFile; fileRef = D3F100C9BDB4EB078F2DF775 /* Pods_Dummy.framework */; };
		FBA7EC80286C622A00DB2DBD /* SwiftLibs.h in Headers */ = {isa = PBXBuildFile; fileRef = FBA7EC7F286C622A00DB2DBD /* SwiftLibs.h */; settings = {ATTRIBUTES = (Public, ); }; };
		FBA7EC8C286C623600DB2DBD /* ObjectiveLibs.h in Headers */ = {isa = PBXBuildFile; fileRef = FBA7EC8B286C623600DB2DBD /* ObjectiveLibs.h */; settings = {ATTRIBUTES = (Public, ); }; };
		FBDFE80D2848D70900E89B57 /* AppDelegate.swift in Sources */ = {isa = PBXBuildFile; fileRef = FBDFE80C2848D70900E89B57 /* AppDelegate.swift */; };
		FBDFE80F2848D70900E89B57 /* SceneDelegate.swift in Sources */ = {isa = PBXBuildFile; fileRef = FBDFE80E2848D70900E89B57 /* SceneDelegate.swift */; };
		FBDFE8112848D70900E89B57 /* ViewController.swift in Sources */ = {isa = PBXBuildFile; fileRef = FBDFE8102848D70900E89B57 /* ViewController.swift */; };
		FBDFE8142848D70900E89B57 /* Main.storyboard in Resources */ = {isa = PBXBuildFile; fileRef = FBDFE8122848D70900E89B57 /* Main.storyboard */; };
		FBDFE8162848D70A00E89B57 /* Assets.xcassets in Resources */ = {isa = PBXBuildFile; fileRef = FBDFE8152848D70A00E89B57 /* Assets.xcassets */; };
		FBDFE8192848D70A00E89B57 /* LaunchScreen.storyboard in Resources */ = {isa = PBXBuildFile; fileRef = FBDFE8172848D70A00E89B57 /* LaunchScreen.storyboard */; };
/* End PBXBuildFile section */

/* Begin PBXCopyFilesBuildPhase section */
		FBFA4D8D286B1FF300AFAC39 /* Embed Frameworks */ = {
			isa = PBXCopyFilesBuildPhase;
			buildActionMask = 2147483647;
			dstPath = "";
			dstSubfolderSpec = 10;
			files = (
			);
			name = "Embed Frameworks";
			runOnlyForDeploymentPostprocessing = 0;
		};
/* End PBXCopyFilesBuildPhase section */

/* Begin PBXFileReference section */
		0F4D2C3CE48A96FA9CD2CE3C /* Pods-Dummy-ObjectiveLibs.debug.xcconfig */ = {isa = PBXFileReference; includeInIndex = 1; lastKnownFileType = text.xcconfig; name = "Pods-Dummy-ObjectiveLibs.debug.xcconfig"; path = "Target Support Files/Pods-Dummy-ObjectiveLibs/Pods-Dummy-ObjectiveLibs.debug.xcconfig"; sourceTree = "<group>"; };
		204A824257C502309CFB4359 /* Pods-Dummy-SwiftLibs.debug.xcconfig */ = {isa = PBXFileReference; includeInIndex = 1; lastKnownFileType = text.xcconfig; name = "Pods-Dummy-SwiftLibs.debug.xcconfig"; path = "Target Support Files/Pods-Dummy-SwiftLibs/Pods-Dummy-SwiftLibs.debug.xcconfig"; sourceTree = "<group>"; };
		77DE30A7F27190A4CD40E4FC /* Pods_Dummy_SwiftLibs.framework */ = {isa = PBXFileReference; explicitFileType = wrapper.framework; includeInIndex = 0; path = Pods_Dummy_SwiftLibs.framework; sourceTree = BUILT_PRODUCTS_DIR; };
		83CB769D39881DC40E033B95 /* Pods-Dummy.release.xcconfig */ = {isa = PBXFileReference; includeInIndex = 1; lastKnownFileType = text.xcconfig; name = "Pods-Dummy.release.xcconfig"; path = "Target Support Files/Pods-Dummy/Pods-Dummy.release.xcconfig"; sourceTree = "<group>"; };
		AAB2BD0B86122D6BFCB8AD6F /* Pods-Dummy-SwiftLibs.release.xcconfig */ = {isa = PBXFileReference; includeInIndex = 1; lastKnownFileType = text.xcconfig; name = "Pods-Dummy-SwiftLibs.release.xcconfig"; path = "Target Support Files/Pods-Dummy-SwiftLibs/Pods-Dummy-SwiftLibs.release.xcconfig"; sourceTree = "<group>"; };
		BD7C57936E813EF7106EF2B2 /* Pods_Dummy_ObjectiveLibs.framework */ = {isa = PBXFileReference; explicitFileType = wrapper.framework; includeInIndex = 0; path = Pods_Dummy_ObjectiveLibs.framework; sourceTree = BUILT_PRODUCTS_DIR; };
		BDFE06A5D538288463F2C67D /* Pods-Dummy.debug.xcconfig */ = {isa = PBXFileReference; includeInIndex = 1; lastKnownFileType = text.xcconfig; name = "Pods-Dummy.debug.xcconfig"; path = "Target Support Files/Pods-Dummy/Pods-Dummy.debug.xcconfig"; sourceTree = "<group>"; };
		CD994CC17CF792B1D93DC287 /* Pods-Dummy-ObjectiveLibs.release.xcconfig */ = {isa = PBXFileReference; includeInIndex = 1; lastKnownFileType = text.xcconfig; name = "Pods-Dummy-ObjectiveLibs.release.xcconfig"; path = "Target Support Files/Pods-Dummy-ObjectiveLibs/Pods-Dummy-ObjectiveLibs.release.xcconfig"; sourceTree = "<group>"; };
		D3F100C9BDB4EB078F2DF775 /* Pods_Dummy.framework */ = {isa = PBXFileReference; explicitFileType = wrapper.framework; includeInIndex = 0; path = Pods_Dummy.framework; sourceTree = BUILT_PRODUCTS_DIR; };
		FBA7EC5B286C531100DB2DBD /* SwiftDummy.h */ = {isa = PBXFileReference; lastKnownFileType = sourcecode.c.h; path = SwiftDummy.h; sourceTree = "<group>"; };
		FBA7EC6F286C5EE100DB2DBD /* ObjectiveDummy.h */ = {isa = PBXFileReference; lastKnownFileType = sourcecode.c.h; path = ObjectiveDummy.h; sourceTree = "<group>"; };
		FBA7EC7D286C622A00DB2DBD /* SwiftLibs.framework */ = {isa = PBXFileReference; explicitFileType = wrapper.framework; includeInIndex = 0; path = SwiftLibs.framework; sourceTree = BUILT_PRODUCTS_DIR; };
		FBA7EC7F286C622A00DB2DBD /* SwiftLibs.h */ = {isa = PBXFileReference; lastKnownFileType = sourcecode.c.h; path = SwiftLibs.h; sourceTree = "<group>"; };
		FBA7EC89286C623600DB2DBD /* ObjectiveLibs.framework */ = {isa = PBXFileReference; explicitFileType = wrapper.framework; includeInIndex = 0; path = ObjectiveLibs.framework; sourceTree = BUILT_PRODUCTS_DIR; };
		FBA7EC8B286C623600DB2DBD /* ObjectiveLibs.h */ = {isa = PBXFileReference; lastKnownFileType = sourcecode.c.h; path = ObjectiveLibs.h; sourceTree = "<group>"; };
		FBDFE8092848D70900E89B57 /* Dummy.app */ = {isa = PBXFileReference; explicitFileType = wrapper.application; includeInIndex = 0; path = Dummy.app; sourceTree = BUILT_PRODUCTS_DIR; };
		FBDFE80C2848D70900E89B57 /* AppDelegate.swift */ = {isa = PBXFileReference; lastKnownFileType = sourcecode.swift; path = AppDelegate.swift; sourceTree = "<group>"; };
		FBDFE80E2848D70900E89B57 /* SceneDelegate.swift */ = {isa = PBXFileReference; lastKnownFileType = sourcecode.swift; path = SceneDelegate.swift; sourceTree = "<group>"; };
		FBDFE8102848D70900E89B57 /* ViewController.swift */ = {isa = PBXFileReference; lastKnownFileType = sourcecode.swift; path = ViewController.swift; sourceTree = "<group>"; };
		FBDFE8132848D70900E89B57 /* Base */ = {isa = PBXFileReference; lastKnownFileType = file.storyboard; name = Base; path = Base.lproj/Main.storyboard; sourceTree = "<group>"; };
		FBDFE8152848D70A00E89B57 /* Assets.xcassets */ = {isa = PBXFileReference; lastKnownFileType = folder.assetcatalog; path = Assets.xcassets; sourceTree = "<group>"; };
		FBDFE8182848D70A00E89B57 /* Base */ = {isa = PBXFileReference; lastKnownFileType = file.storyboard; name = Base; path = Base.lproj/LaunchScreen.storyboard; sourceTree = "<group>"; };
		FBDFE81A2848D70A00E89B57 /* Info.plist */ = {isa = PBXFileReference; lastKnownFileType = text.plist.xml; path = Info.plist; sourceTree = "<group>"; };
/* End PBXFileReference section */

/* Begin PBXFrameworksBuildPhase section */
		FBA7EC7A286C622A00DB2DBD /* Frameworks */ = {
			isa = PBXFrameworksBuildPhase;
			buildActionMask = 2147483647;
			files = (
				1C60D4AFA454891CB05CB2EB /* Pods_Dummy_SwiftLibs.framework in Frameworks */,
			);
			runOnlyForDeploymentPostprocessing = 0;
		};
		FBA7EC86286C623600DB2DBD /* Frameworks */ = {
			isa = PBXFrameworksBuildPhase;
			buildActionMask = 2147483647;
			files = (
				D54D311BE9669F15452C1E3F /* Pods_Dummy_ObjectiveLibs.framework in Frameworks */,
			);
			runOnlyForDeploymentPostprocessing = 0;
		};
		FBDFE8062848D70900E89B57 /* Frameworks */ = {
			isa = PBXFrameworksBuildPhase;
			buildActionMask = 2147483647;
			files = (
				DBE3779A8921B035895D1F55 /* Pods_Dummy.framework in Frameworks */,
			);
			runOnlyForDeploymentPostprocessing = 0;
		};
/* End PBXFrameworksBuildPhase section */

/* Begin PBXGroup section */
		B00305E2982F28B88230AF00 /* Frameworks */ = {
			isa = PBXGroup;
			children = (
				D3F100C9BDB4EB078F2DF775 /* Pods_Dummy.framework */,
				BD7C57936E813EF7106EF2B2 /* Pods_Dummy_ObjectiveLibs.framework */,
				77DE30A7F27190A4CD40E4FC /* Pods_Dummy_SwiftLibs.framework */,
			);
			name = Frameworks;
			sourceTree = "<group>";
		};
		BFB9420CAFBF8A1D76440483 /* Pods */ = {
			isa = PBXGroup;
			children = (
				BDFE06A5D538288463F2C67D /* Pods-Dummy.debug.xcconfig */,
				83CB769D39881DC40E033B95 /* Pods-Dummy.release.xcconfig */,
				0F4D2C3CE48A96FA9CD2CE3C /* Pods-Dummy-ObjectiveLibs.debug.xcconfig */,
				CD994CC17CF792B1D93DC287 /* Pods-Dummy-ObjectiveLibs.release.xcconfig */,
				204A824257C502309CFB4359 /* Pods-Dummy-SwiftLibs.debug.xcconfig */,
				AAB2BD0B86122D6BFCB8AD6F /* Pods-Dummy-SwiftLibs.release.xcconfig */,
			);
			path = Pods;
			sourceTree = "<group>";
		};
		FBA7EC5A286C531100DB2DBD /* SwiftDummy */ = {
			isa = PBXGroup;
			children = (
				FBA7EC5B286C531100DB2DBD /* SwiftDummy.h */,
			);
			path = SwiftDummy;
			sourceTree = "<group>";
		};
		FBA7EC6E286C5EE100DB2DBD /* ObjectiveDummy */ = {
			isa = PBXGroup;
			children = (
				FBA7EC6F286C5EE100DB2DBD /* ObjectiveDummy.h */,
			);
			path = ObjectiveDummy;
			sourceTree = "<group>";
		};
		FBA7EC7E286C622A00DB2DBD /* SwiftLibs */ = {
			isa = PBXGroup;
			children = (
				FBA7EC7F286C622A00DB2DBD /* SwiftLibs.h */,
			);
			path = SwiftLibs;
			sourceTree = "<group>";
		};
		FBA7EC8A286C623600DB2DBD /* ObjectiveLibs */ = {
			isa = PBXGroup;
			children = (
				FBA7EC8B286C623600DB2DBD /* ObjectiveLibs.h */,
			);
			path = ObjectiveLibs;
			sourceTree = "<group>";
		};
		FBDFE8002848D70900E89B57 = {
			isa = PBXGroup;
			children = (
				FBDFE80B2848D70900E89B57 /* Dummy */,
				FBA7EC5A286C531100DB2DBD /* SwiftDummy */,
				FBA7EC6E286C5EE100DB2DBD /* ObjectiveDummy */,
				FBA7EC7E286C622A00DB2DBD /* SwiftLibs */,
				FBA7EC8A286C623600DB2DBD /* ObjectiveLibs */,
				FBDFE80A2848D70900E89B57 /* Products */,
				BFB9420CAFBF8A1D76440483 /* Pods */,
				B00305E2982F28B88230AF00 /* Frameworks */,
			);
			sourceTree = "<group>";
		};
		FBDFE80A2848D70900E89B57 /* Products */ = {
			isa = PBXGroup;
			children = (
				FBDFE8092848D70900E89B57 /* Dummy.app */,
				FBA7EC7D286C622A00DB2DBD /* SwiftLibs.framework */,
				FBA7EC89286C623600DB2DBD /* ObjectiveLibs.framework */,
			);
			name = Products;
			sourceTree = "<group>";
		};
		FBDFE80B2848D70900E89B57 /* Dummy */ = {
			isa = PBXGroup;
			children = (
				FBDFE80C2848D70900E89B57 /* AppDelegate.swift */,
				FBDFE80E2848D70900E89B57 /* SceneDelegate.swift */,
				FBDFE8102848D70900E89B57 /* ViewController.swift */,
				FBDFE8122848D70900E89B57 /* Main.storyboard */,
				FBDFE8152848D70A00E89B57 /* Assets.xcassets */,
				FBDFE8172848D70A00E89B57 /* LaunchScreen.storyboard */,
				FBDFE81A2848D70A00E89B57 /* Info.plist */,
			);
			path = Dummy;
			sourceTree = "<group>";
		};
/* End PBXGroup section */

/* Begin PBXHeadersBuildPhase section */
		FBA7EC78286C622A00DB2DBD /* Headers */ = {
			isa = PBXHeadersBuildPhase;
			buildActionMask = 2147483647;
			files = (
				FBA7EC80286C622A00DB2DBD /* SwiftLibs.h in Headers */,
			);
			runOnlyForDeploymentPostprocessing = 0;
		};
		FBA7EC84286C623600DB2DBD /* Headers */ = {
			isa = PBXHeadersBuildPhase;
			buildActionMask = 2147483647;
			files = (
				FBA7EC8C286C623600DB2DBD /* ObjectiveLibs.h in Headers */,
			);
			runOnlyForDeploymentPostprocessing = 0;
		};
/* End PBXHeadersBuildPhase section */

/* Begin PBXNativeTarget section */
		FBA7EC7C286C622A00DB2DBD /* SwiftLibs */ = {
			isa = PBXNativeTarget;
			buildConfigurationList = FBA7EC81286C622A00DB2DBD /* Build configuration list for PBXNativeTarget "SwiftLibs" */;
			buildPhases = (
				CC4CE6CD54B8B9A24D8C5619 /* [CP] Check Pods Manifest.lock */,
				FBA7EC78286C622A00DB2DBD /* Headers */,
				FBA7EC79286C622A00DB2DBD /* Sources */,
				FBA7EC7A286C622A00DB2DBD /* Frameworks */,
				FBA7EC7B286C622A00DB2DBD /* Resources */,
			);
			buildRules = (
			);
			dependencies = (
			);
			name = SwiftLibs;
			productName = SwiftLibs;
			productReference = FBA7EC7D286C622A00DB2DBD /* SwiftLibs.framework */;
			productType = "com.apple.product-type.framework";
		};
		FBA7EC88286C623600DB2DBD /* ObjectiveLibs */ = {
			isa = PBXNativeTarget;
			buildConfigurationList = FBA7EC8D286C623600DB2DBD /* Build configuration list for PBXNativeTarget "ObjectiveLibs" */;
			buildPhases = (
				A4628E568348A35086B286C3 /* [CP] Check Pods Manifest.lock */,
				FBA7EC84286C623600DB2DBD /* Headers */,
				FBA7EC85286C623600DB2DBD /* Sources */,
				FBA7EC86286C623600DB2DBD /* Frameworks */,
				FBA7EC87286C623600DB2DBD /* Resources */,
			);
			buildRules = (
			);
			dependencies = (
			);
			name = ObjectiveLibs;
			productName = ObjectiveLibs;
			productReference = FBA7EC89286C623600DB2DBD /* ObjectiveLibs.framework */;
			productType = "com.apple.product-type.framework";
		};
		FBDFE8082848D70900E89B57 /* Dummy */ = {
			isa = PBXNativeTarget;
			buildConfigurationList = FBDFE81D2848D70A00E89B57 /* Build configuration list for PBXNativeTarget "Dummy" */;
			buildPhases = (
				FE692C5D0EE20DCC5CE6D6C2 /* [CP] Check Pods Manifest.lock */,
				FBDFE8052848D70900E89B57 /* Sources */,
				FBDFE8062848D70900E89B57 /* Frameworks */,
				FBDFE8072848D70900E89B57 /* Resources */,
				FBFA4D8D286B1FF300AFAC39 /* Embed Frameworks */,
			);
			buildRules = (
			);
			dependencies = (
			);
			name = Dummy;
			productName = Dummy;
			productReference = FBDFE8092848D70900E89B57 /* Dummy.app */;
			productType = "com.apple.product-type.application";
		};
/* End PBXNativeTarget section */

/* Begin PBXProject section */
		FBDFE8012848D70900E89B57 /* Project object */ = {
			isa = PBXProject;
			attributes = {
				BuildIndependentTargetsInParallel = 1;
				LastSwiftUpdateCheck = 1330;
				LastUpgradeCheck = 1330;
				TargetAttributes = {
					FBA7EC7C286C622A00DB2DBD = {
						CreatedOnToolsVersion = 13.3.1;
					};
					FBA7EC88286C623600DB2DBD = {
						CreatedOnToolsVersion = 13.3.1;
					};
					FBDFE8082848D70900E89B57 = {
						CreatedOnToolsVersion = 13.3.1;
					};
				};
			};
			buildConfigurationList = FBDFE8042848D70900E89B57 /* Build configuration list for PBXProject "Dummy" */;
			compatibilityVersion = "Xcode 13.0";
			developmentRegion = en;
			hasScannedForEncodings = 0;
			knownRegions = (
				en,
				Base,
			);
			mainGroup = FBDFE8002848D70900E89B57;
			productRefGroup = FBDFE80A2848D70900E89B57 /* Products */;
			projectDirPath = "";
			projectRoot = "";
			targets = (
				FBDFE8082848D70900E89B57 /* Dummy */,
				FBA7EC7C286C622A00DB2DBD /* SwiftLibs */,
				FBA7EC88286C623600DB2DBD /* ObjectiveLibs */,
			);
		};
/* End PBXProject section */

/* Begin PBXResourcesBuildPhase section */
		FBA7EC7B286C622A00DB2DBD /* Resources */ = {
			isa = PBXResourcesBuildPhase;
			buildActionMask = 2147483647;
			files = (
			);
			runOnlyForDeploymentPostprocessing = 0;
		};
		FBA7EC87286C623600DB2DBD /* Resources */ = {
			isa = PBXResourcesBuildPhase;
			buildActionMask = 2147483647;
			files = (
			);
			runOnlyForDeploymentPostprocessing = 0;
		};
		FBDFE8072848D70900E89B57 /* Resources */ = {
			isa = PBXResourcesBuildPhase;
			buildActionMask = 2147483647;
			files = (
				FBDFE8192848D70A00E89B57 /* LaunchScreen.storyboard in Resources */,
				FBDFE8162848D70A00E89B57 /* Assets.xcassets in Resources */,
				FBDFE8142848D70900E89B57 /* Main.storyboard in Resources */,
			);
			runOnlyForDeploymentPostprocessing = 0;
		};
/* End PBXResourcesBuildPhase section */

/* Begin PBXShellScriptBuildPhase section */
		A4628E568348A35086B286C3 /* [CP] Check Pods Manifest.lock */ = {
			isa = PBXShellScriptBuildPhase;
			buildActionMask = 2147483647;
			files = (
			);
			inputFileListPaths = (
			);
			inputPaths = (
				"${PODS_PODFILE_DIR_PATH}/Podfile.lock",
				"${PODS_ROOT}/Manifest.lock",
			);
			name = "[CP] Check Pods Manifest.lock";
			outputFileListPaths = (
			);
			outputPaths = (
				"$(DERIVED_FILE_DIR)/Pods-Dummy-ObjectiveLibs-checkManifestLockResult.txt",
			);
			runOnlyForDeploymentPostprocessing = 0;
			shellPath = /bin/sh;
			shellScript = "diff \"${PODS_PODFILE_DIR_PATH}/Podfile.lock\" \"${PODS_ROOT}/Manifest.lock\" > /dev/null\nif [ $? != 0 ] ; then\n    # print error to STDERR\n    echo \"error: The sandbox is not in sync with the Podfile.lock. Run 'pod install' or update your CocoaPods installation.\" >&2\n    exit 1\nfi\n# This output is used by Xcode 'outputs' to avoid re-running this script phase.\necho \"SUCCESS\" > \"${SCRIPT_OUTPUT_FILE_0}\"\n";
			showEnvVarsInLog = 0;
		};
		CC4CE6CD54B8B9A24D8C5619 /* [CP] Check Pods Manifest.lock */ = {
			isa = PBXShellScriptBuildPhase;
			buildActionMask = 2147483647;
			files = (
			);
			inputFileListPaths = (
			);
			inputPaths = (
				"${PODS_PODFILE_DIR_PATH}/Podfile.lock",
				"${PODS_ROOT}/Manifest.lock",
			);
			name = "[CP] Check Pods Manifest.lock";
			outputFileListPaths = (
			);
			outputPaths = (
				"$(DERIVED_FILE_DIR)/Pods-Dummy-SwiftLibs-checkManifestLockResult.txt",
			);
			runOnlyForDeploymentPostprocessing = 0;
			shellPath = /bin/sh;
			shellScript = "diff \"${PODS_PODFILE_DIR_PATH}/Podfile.lock\" \"${PODS_ROOT}/Manifest.lock\" > /dev/null\nif [ $? != 0 ] ; then\n    # print error to STDERR\n    echo \"error: The sandbox is not in sync with the Podfile.lock. Run 'pod install' or update your CocoaPods installation.\" >&2\n    exit 1\nfi\n# This output is used by Xcode 'outputs' to avoid re-running this script phase.\necho \"SUCCESS\" > \"${SCRIPT_OUTPUT_FILE_0}\"\n";
			showEnvVarsInLog = 0;
		};
		FE692C5D0EE20DCC5CE6D6C2 /* [CP] Check Pods Manifest.lock */ = {
			isa = PBXShellScriptBuildPhase;
			buildActionMask = 2147483647;
			files = (
			);
			inputFileListPaths = (
			);
			inputPaths = (
				"${PODS_PODFILE_DIR_PATH}/Podfile.lock",
				"${PODS_ROOT}/Manifest.lock",
			);
			name = "[CP] Check Pods Manifest.lock";
			outputFileListPaths = (
			);
			outputPaths = (
				"$(DERIVED_FILE_DIR)/Pods-Dummy-checkManifestLockResult.txt",
			);
			runOnlyForDeploymentPostprocessing = 0;
			shellPath = /bin/sh;
			shellScript = "diff \"${PODS_PODFILE_DIR_PATH}/Podfile.lock\" \"${PODS_ROOT}/Manifest.lock\" > /dev/null\nif [ $? != 0 ] ; then\n    # print error to STDERR\n    echo \"error: The sandbox is not in sync with the Podfile.lock. Run 'pod install' or update your CocoaPods installation.\" >&2\n    exit 1\nfi\n# This output is used by Xcode 'outputs' to avoid re-running this script phase.\necho \"SUCCESS\" > \"${SCRIPT_OUTPUT_FILE_0}\"\n";
			showEnvVarsInLog = 0;
		};
/* End PBXShellScriptBuildPhase section */

/* Begin PBXSourcesBuildPhase section */
		FBA7EC79286C622A00DB2DBD /* Sources */ = {
			isa = PBXSourcesBuildPhase;
			buildActionMask = 2147483647;
			files = (
			);
			runOnlyForDeploymentPostprocessing = 0;
		};
		FBA7EC85286C623600DB2DBD /* Sources */ = {
			isa = PBXSourcesBuildPhase;
			buildActionMask = 2147483647;
			files = (
			);
			runOnlyForDeploymentPostprocessing = 0;
		};
		FBDFE8052848D70900E89B57 /* Sources */ = {
			isa = PBXSourcesBuildPhase;
			buildActionMask = 2147483647;
			files = (
				FBDFE8112848D70900E89B57 /* ViewController.swift in Sources */,
				FBDFE80D2848D70900E89B57 /* AppDelegate.swift in Sources */,
				FBDFE80F2848D70900E89B57 /* SceneDelegate.swift in Sources */,
			);
			runOnlyForDeploymentPostprocessing = 0;
		};
/* End PBXSourcesBuildPhase section */

/* Begin PBXVariantGroup section */
		FBDFE8122848D70900E89B57 /* Main.storyboard */ = {
			isa = PBXVariantGroup;
			children = (
				FBDFE8132848D70900E89B57 /* Base */,
			);
			name = Main.storyboard;
			sourceTree = "<group>";
		};
		FBDFE8172848D70A00E89B57 /* LaunchScreen.storyboard */ = {
			isa = PBXVariantGroup;
			children = (
				FBDFE8182848D70A00E89B57 /* Base */,
			);
			name = LaunchScreen.storyboard;
			sourceTree = "<group>";
		};
/* End PBXVariantGroup section */

/* Begin XCBuildConfiguration section */
		FBA7EC82286C622A00DB2DBD /* Debug */ = {
			isa = XCBuildConfiguration;
			baseConfigurationReference = 204A824257C502309CFB4359 /* Pods-Dummy-SwiftLibs.debug.xcconfig */;
			buildSettings = {
				CODE_SIGN_STYLE = Automatic;
				CURRENT_PROJECT_VERSION = 1;
				DEFINES_MODULE = YES;
				DYLIB_COMPATIBILITY_VERSION = 1;
				DYLIB_CURRENT_VERSION = 1;
				DYLIB_INSTALL_NAME_BASE = "@rpath";
				GENERATE_INFOPLIST_FILE = YES;
				INFOPLIST_KEY_NSHumanReadableCopyright = "";
				INSTALL_PATH = "$(LOCAL_LIBRARY_DIR)/Frameworks";
				LD_RUNPATH_SEARCH_PATHS = (
					"$(inherited)",
					"@executable_path/Frameworks",
					"@loader_path/Frameworks",
				);
				MARKETING_VERSION = 1.0;
				PRODUCT_BUNDLE_IDENTIFIER = beekeeper.SwiftLibs;
				PRODUCT_NAME = "$(TARGET_NAME:c99extidentifier)";
				SKIP_INSTALL = YES;
				SWIFT_EMIT_LOC_STRINGS = YES;
				SWIFT_VERSION = 5.0;
				TARGETED_DEVICE_FAMILY = "1,2";
				VERSIONING_SYSTEM = "apple-generic";
				VERSION_INFO_PREFIX = "";
			};
			name = Debug;
		};
		FBA7EC83286C622A00DB2DBD /* Release */ = {
			isa = XCBuildConfiguration;
			baseConfigurationReference = AAB2BD0B86122D6BFCB8AD6F /* Pods-Dummy-SwiftLibs.release.xcconfig */;
			buildSettings = {
				CODE_SIGN_STYLE = Automatic;
				CURRENT_PROJECT_VERSION = 1;
				DEFINES_MODULE = YES;
				DYLIB_COMPATIBILITY_VERSION = 1;
				DYLIB_CURRENT_VERSION = 1;
				DYLIB_INSTALL_NAME_BASE = "@rpath";
				GENERATE_INFOPLIST_FILE = YES;
				INFOPLIST_KEY_NSHumanReadableCopyright = "";
				INSTALL_PATH = "$(LOCAL_LIBRARY_DIR)/Frameworks";
				LD_RUNPATH_SEARCH_PATHS = (
					"$(inherited)",
					"@executable_path/Frameworks",
					"@loader_path/Frameworks",
				);
				MARKETING_VERSION = 1.0;
				PRODUCT_BUNDLE_IDENTIFIER = beekeeper.SwiftLibs;
				PRODUCT_NAME = "$(TARGET_NAME:c99extidentifier)";
				SKIP_INSTALL = YES;
				SWIFT_EMIT_LOC_STRINGS = YES;
				SWIFT_VERSION = 5.0;
				TARGETED_DEVICE_FAMILY = "1,2";
				VERSIONING_SYSTEM = "apple-generic";
				VERSION_INFO_PREFIX = "";
			};
			name = Release;
		};
		FBA7EC8E286C623600DB2DBD /* Debug */ = {
			isa = XCBuildConfiguration;
			baseConfigurationReference = 0F4D2C3CE48A96FA9CD2CE3C /* Pods-Dummy-ObjectiveLibs.debug.xcconfig */;
			buildSettings = {
				CODE_SIGN_STYLE = Automatic;
				CURRENT_PROJECT_VERSION = 1;
				DEFINES_MODULE = YES;
				DYLIB_COMPATIBILITY_VERSION = 1;
				DYLIB_CURRENT_VERSION = 1;
				DYLIB_INSTALL_NAME_BASE = "@rpath";
				GENERATE_INFOPLIST_FILE = YES;
				INFOPLIST_KEY_NSHumanReadableCopyright = "";
				INSTALL_PATH = "$(LOCAL_LIBRARY_DIR)/Frameworks";
				LD_RUNPATH_SEARCH_PATHS = (
					"$(inherited)",
					"@executable_path/Frameworks",
					"@loader_path/Frameworks",
				);
				MARKETING_VERSION = 1.0;
				PRODUCT_BUNDLE_IDENTIFIER = beekeeper.ObjectiveLibs;
				PRODUCT_NAME = "$(TARGET_NAME:c99extidentifier)";
				SKIP_INSTALL = YES;
				SWIFT_EMIT_LOC_STRINGS = YES;
				SWIFT_VERSION = 5.0;
				TARGETED_DEVICE_FAMILY = "1,2";
				VERSIONING_SYSTEM = "apple-generic";
				VERSION_INFO_PREFIX = "";
			};
			name = Debug;
		};
		FBA7EC8F286C623600DB2DBD /* Release */ = {
			isa = XCBuildConfiguration;
			baseConfigurationReference = CD994CC17CF792B1D93DC287 /* Pods-Dummy-ObjectiveLibs.release.xcconfig */;
			buildSettings = {
				CODE_SIGN_STYLE = Automatic;
				CURRENT_PROJECT_VERSION = 1;
				DEFINES_MODULE = YES;
				DYLIB_COMPATIBILITY_VERSION = 1;
				DYLIB_CURRENT_VERSION = 1;
				DYLIB_INSTALL_NAME_BASE = "@rpath";
				GENERATE_INFOPLIST_FILE = YES;
				INFOPLIST_KEY_NSHumanReadableCopyright = "";
				INSTALL_PATH = "$(LOCAL_LIBRARY_DIR)/Frameworks";
				LD_RUNPATH_SEARCH_PATHS = (
					"$(inherited)",
					"@executable_path/Frameworks",
					"@loader_path/Frameworks",
				);
				MARKETING_VERSION = 1.0;
				PRODUCT_BUNDLE_IDENTIFIER = beekeeper.ObjectiveLibs;
				PRODUCT_NAME = "$(TARGET_NAME:c99extidentifier)";
				SKIP_INSTALL = YES;
				SWIFT_EMIT_LOC_STRINGS = YES;
				SWIFT_VERSION = 5.0;
				TARGETED_DEVICE_FAMILY = "1,2";
				VERSIONING_SYSTEM = "apple-generic";
				VERSION_INFO_PREFIX = "";
			};
			name = Release;
		};
		FBDFE81B2848D70A00E89B57 /* Debug */ = {
			isa = XCBuildConfiguration;
			buildSettings = {
				ALWAYS_SEARCH_USER_PATHS = NO;
				CLANG_ANALYZER_NONNULL = YES;
				CLANG_ANALYZER_NUMBER_OBJECT_CONVERSION = YES_AGGRESSIVE;
				CLANG_CXX_LANGUAGE_STANDARD = "gnu++17";
				CLANG_ENABLE_MODULES = YES;
				CLANG_ENABLE_OBJC_ARC = YES;
				CLANG_ENABLE_OBJC_WEAK = YES;
				CLANG_WARN_BLOCK_CAPTURE_AUTORELEASING = YES;
				CLANG_WARN_BOOL_CONVERSION = YES;
				CLANG_WARN_COMMA = YES;
				CLANG_WARN_CONSTANT_CONVERSION = YES;
				CLANG_WARN_DEPRECATED_OBJC_IMPLEMENTATIONS = YES;
				CLANG_WARN_DIRECT_OBJC_ISA_USAGE = YES_ERROR;
				CLANG_WARN_DOCUMENTATION_COMMENTS = YES;
				CLANG_WARN_EMPTY_BODY = YES;
				CLANG_WARN_ENUM_CONVERSION = YES;
				CLANG_WARN_INFINITE_RECURSION = YES;
				CLANG_WARN_INT_CONVERSION = YES;
				CLANG_WARN_NON_LITERAL_NULL_CONVERSION = YES;
				CLANG_WARN_OBJC_IMPLICIT_RETAIN_SELF = YES;
				CLANG_WARN_OBJC_LITERAL_CONVERSION = YES;
				CLANG_WARN_OBJC_ROOT_CLASS = YES_ERROR;
				CLANG_WARN_QUOTED_INCLUDE_IN_FRAMEWORK_HEADER = YES;
				CLANG_WARN_RANGE_LOOP_ANALYSIS = YES;
				CLANG_WARN_STRICT_PROTOTYPES = YES;
				CLANG_WARN_SUSPICIOUS_MOVE = YES;
				CLANG_WARN_UNGUARDED_AVAILABILITY = YES_AGGRESSIVE;
				CLANG_WARN_UNREACHABLE_CODE = YES;
				CLANG_WARN__DUPLICATE_METHOD_MATCH = YES;
				COPY_PHASE_STRIP = NO;
				DEBUG_INFORMATION_FORMAT = dwarf;
				ENABLE_STRICT_OBJC_MSGSEND = YES;
				ENABLE_TESTABILITY = YES;
				GCC_C_LANGUAGE_STANDARD = gnu11;
				GCC_DYNAMIC_NO_PIC = NO;
				GCC_NO_COMMON_BLOCKS = YES;
				GCC_OPTIMIZATION_LEVEL = 0;
				GCC_PREPROCESSOR_DEFINITIONS = (
					"DEBUG=1",
					"$(inherited)",
				);
				GCC_WARN_64_TO_32_BIT_CONVERSION = YES;
				GCC_WARN_ABOUT_RETURN_TYPE = YES_ERROR;
				GCC_WARN_UNDECLARED_SELECTOR = YES;
				GCC_WARN_UNINITIALIZED_AUTOS = YES_AGGRESSIVE;
				GCC_WARN_UNUSED_FUNCTION = YES;
				GCC_WARN_UNUSED_VARIABLE = YES;
				IPHONEOS_DEPLOYMENT_TARGET = 15.4;
				MTL_ENABLE_DEBUG_INFO = INCLUDE_SOURCE;
				MTL_FAST_MATH = YES;
				ONLY_ACTIVE_ARCH = YES;
				SDKROOT = iphoneos;
				SWIFT_ACTIVE_COMPILATION_CONDITIONS = DEBUG;
				SWIFT_OPTIMIZATION_LEVEL = "-Onone";
			};
			name = Debug;
		};
		FBDFE81C2848D70A00E89B57 /* Release */ = {
			isa = XCBuildConfiguration;
			buildSettings = {
				ALWAYS_SEARCH_USER_PATHS = NO;
				CLANG_ANALYZER_NONNULL = YES;
				CLANG_ANALYZER_NUMBER_OBJECT_CONVERSION = YES_AGGRESSIVE;
				CLANG_CXX_LANGUAGE_STANDARD = "gnu++17";
				CLANG_ENABLE_MODULES = YES;
				CLANG_ENABLE_OBJC_ARC = YES;
				CLANG_ENABLE_OBJC_WEAK = YES;
				CLANG_WARN_BLOCK_CAPTURE_AUTORELEASING = YES;
				CLANG_WARN_BOOL_CONVERSION = YES;
				CLANG_WARN_COMMA = YES;
				CLANG_WARN_CONSTANT_CONVERSION = YES;
				CLANG_WARN_DEPRECATED_OBJC_IMPLEMENTATIONS = YES;
				CLANG_WARN_DIRECT_OBJC_ISA_USAGE = YES_ERROR;
				CLANG_WARN_DOCUMENTATION_COMMENTS = YES;
				CLANG_WARN_EMPTY_BODY = YES;
				CLANG_WARN_ENUM_CONVERSION = YES;
				CLANG_WARN_INFINITE_RECURSION = YES;
				CLANG_WARN_INT_CONVERSION = YES;
				CLANG_WARN_NON_LITERAL_NULL_CONVERSION = YES;
				CLANG_WARN_OBJC_IMPLICIT_RETAIN_SELF = YES;
				CLANG_WARN_OBJC_LITERAL_CONVERSION = YES;
				CLANG_WARN_OBJC_ROOT_CLASS = YES_ERROR;
				CLANG_WARN_QUOTED_INCLUDE_IN_FRAMEWORK_HEADER = YES;
				CLANG_WARN_RANGE_LOOP_ANALYSIS = YES;
				CLANG_WARN_STRICT_PROTOTYPES = YES;
				CLANG_WARN_SUSPICIOUS_MOVE = YES;
				CLANG_WARN_UNGUARDED_AVAILABILITY = YES_AGGRESSIVE;
				CLANG_WARN_UNREACHABLE_CODE = YES;
				CLANG_WARN__DUPLICATE_METHOD_MATCH = YES;
				COPY_PHASE_STRIP = NO;
				DEBUG_INFORMATION_FORMAT = "dwarf-with-dsym";
				ENABLE_NS_ASSERTIONS = NO;
				ENABLE_STRICT_OBJC_MSGSEND = YES;
				GCC_C_LANGUAGE_STANDARD = gnu11;
				GCC_NO_COMMON_BLOCKS = YES;
				GCC_WARN_64_TO_32_BIT_CONVERSION = YES;
				GCC_WARN_ABOUT_RETURN_TYPE = YES_ERROR;
				GCC_WARN_UNDECLARED_SELECTOR = YES;
				GCC_WARN_UNINITIALIZED_AUTOS = YES_AGGRESSIVE;
				GCC_WARN_UNUSED_FUNCTION = YES;
				GCC_WARN_UNUSED_VARIABLE = YES;
				IPHONEOS_DEPLOYMENT_TARGET = 15.4;
				MTL_ENABLE_DEBUG_INFO = NO;
				MTL_FAST_MATH = YES;
				SDKROOT = iphoneos;
				SWIFT_COMPILATION_MODE = wholemodule;
				SWIFT_OPTIMIZATION_LEVEL = "-O";
				VALIDATE_PRODUCT = YES;
			};
			name = Release;
		};
		FBDFE81E2848D70A00E89B57 /* Debug */ = {
			isa = XCBuildConfiguration;
			baseConfigurationReference = BDFE06A5D538288463F2C67D /* Pods-Dummy.debug.xcconfig */;
			buildSettings = {
				ASSETCATALOG_COMPILER_APPICON_NAME = AppIcon;
				ASSETCATALOG_COMPILER_GLOBAL_ACCENT_COLOR_NAME = AccentColor;
				CODE_SIGN_STYLE = Automatic;
				CURRENT_PROJECT_VERSION = 1;
				DEVELOPMENT_TEAM = UD397JC254;
				GENERATE_INFOPLIST_FILE = YES;
				INFOPLIST_FILE = Dummy/Info.plist;
				INFOPLIST_KEY_UIApplicationSupportsIndirectInputEvents = YES;
				INFOPLIST_KEY_UILaunchStoryboardName = LaunchScreen;
				INFOPLIST_KEY_UIMainStoryboardFile = Main;
				INFOPLIST_KEY_UISupportedInterfaceOrientations_iPad = "UIInterfaceOrientationPortrait UIInterfaceOrientationPortraitUpsideDown UIInterfaceOrientationLandscapeLeft UIInterfaceOrientationLandscapeRight";
				INFOPLIST_KEY_UISupportedInterfaceOrientations_iPhone = "UIInterfaceOrientationPortrait UIInterfaceOrientationLandscapeLeft UIInterfaceOrientationLandscapeRight";
				LD_RUNPATH_SEARCH_PATHS = (
					"$(inherited)",
					"@executable_path/Frameworks",
				);
				MARKETING_VERSION = 1.0;
				PRODUCT_BUNDLE_IDENTIFIER = beekeeper.Dummy;
				PRODUCT_NAME = "$(TARGET_NAME)";
				SWIFT_EMIT_LOC_STRINGS = YES;
				SWIFT_VERSION = 5.0;
				TARGETED_DEVICE_FAMILY = "1,2";
			};
			name = Debug;
		};
		FBDFE81F2848D70A00E89B57 /* Release */ = {
			isa = XCBuildConfiguration;
			baseConfigurationReference = 83CB769D39881DC40E033B95 /* Pods-Dummy.release.xcconfig */;
			buildSettings = {
				ASSETCATALOG_COMPILER_APPICON_NAME = AppIcon;
				ASSETCATALOG_COMPILER_GLOBAL_ACCENT_COLOR_NAME = AccentColor;
				CODE_SIGN_STYLE = Automatic;
				CURRENT_PROJECT_VERSION = 1;
				DEVELOPMENT_TEAM = UD397JC254;
				GENERATE_INFOPLIST_FILE = YES;
				INFOPLIST_FILE = Dummy/Info.plist;
				INFOPLIST_KEY_UIApplicationSupportsIndirectInputEvents = YES;
				INFOPLIST_KEY_UILaunchStoryboardName = LaunchScreen;
				INFOPLIST_KEY_UIMainStoryboardFile = Main;
				INFOPLIST_KEY_UISupportedInterfaceOrientations_iPad = "UIInterfaceOrientationPortrait UIInterfaceOrientationPortraitUpsideDown UIInterfaceOrientationLandscapeLeft UIInterfaceOrientationLandscapeRight";
				INFOPLIST_KEY_UISupportedInterfaceOrientations_iPhone = "UIInterfaceOrientationPortrait UIInterfaceOrientationLandscapeLeft UIInterfaceOrientationLandscapeRight";
				LD_RUNPATH_SEARCH_PATHS = (
					"$(inherited)",
					"@executable_path/Frameworks",
				);
				MARKETING_VERSION = 1.0;
				PRODUCT_BUNDLE_IDENTIFIER = beekeeper.Dummy;
				PRODUCT_NAME = "$(TARGET_NAME)";
				SWIFT_EMIT_LOC_STRINGS = YES;
				SWIFT_VERSION = 5.0;
				TARGETED_DEVICE_FAMILY = "1,2";
			};
			name = Release;
		};
/* End XCBuildConfiguration section */

/* Begin XCConfigurationList section */
		FBA7EC81286C622A00DB2DBD /* Build configuration list for PBXNativeTarget "SwiftLibs" */ = {
			isa = XCConfigurationList;
			buildConfigurations = (
				FBA7EC82286C622A00DB2DBD /* Debug */,
				FBA7EC83286C622A00DB2DBD /* Release */,
			);
			defaultConfigurationIsVisible = 0;
			defaultConfigurationName = Release;
		};
		FBA7EC8D286C623600DB2DBD /* Build configuration list for PBXNativeTarget "ObjectiveLibs" */ = {
			isa = XCConfigurationList;
			buildConfigurations = (
				FBA7EC8E286C623600DB2DBD /* Debug */,
				FBA7EC8F286C623600DB2DBD /* Release */,
			);
			defaultConfigurationIsVisible = 0;
			defaultConfigurationName = Release;
		};
		FBDFE8042848D70900E89B57 /* Build configuration list for PBXProject "Dummy" */ = {
			isa = XCConfigurationList;
			buildConfigurations = (
				FBDFE81B2848D70A00E89B57 /* Debug */,
				FBDFE81C2848D70A00E89B57 /* Release */,
			);
			defaultConfigurationIsVisible = 0;
			defaultConfigurationName = Release;
		};
		FBDFE81D2848D70A00E89B57 /* Build configuration list for PBXNativeTarget "Dummy" */ = {
			isa = XCConfigurationList;
			buildConfigurations = (
				FBDFE81E2848D70A00E89B57 /* Debug */,
				FBDFE81F2848D70A00E89B57 /* Release */,
			);
			defaultConfigurationIsVisible = 0;
			defaultConfigurationName = Release;
		};
/* End XCConfigurationList section */
	};
	rootObject = FBDFE8012848D70900E89B57 /* Project object */;
}
